// !$*UTF8*$!
{
	archiveVersion = 1;
	classes = {
	};
	objectVersion = 77;
	objects = {

/* Begin PBXBuildRule section */
		728F40F92D58EB880027FF31 /* PBXBuildRule */ = {
			isa = PBXBuildRule;
			compilerSpec = com.apple.compilers.proxy.script;
			fileType = file.bplist;
			inputFiles = (
			);
			isEditable = 1;
			outputFiles = (
			);
			script = "# builtin-copyPlist\n";
		};
/* End PBXBuildRule section */

/* Begin PBXContainerItemProxy section */
		726F43AF2D57229C00C15CD3 /* PBXContainerItemProxy */ = {
			isa = PBXContainerItemProxy;
			containerPortal = 726F43942D57229A00C15CD3 /* Project object */;
			proxyType = 1;
			remoteGlobalIDString = 726F439B2D57229A00C15CD3;
			remoteInfo = Aki;
		};
		726F43B92D57229C00C15CD3 /* PBXContainerItemProxy */ = {
			isa = PBXContainerItemProxy;
			containerPortal = 726F43942D57229A00C15CD3 /* Project object */;
			proxyType = 1;
			remoteGlobalIDString = 726F439B2D57229A00C15CD3;
			remoteInfo = Aki;
		};
/* End PBXContainerItemProxy section */

/* Begin PBXFileReference section */
		726F439C2D57229A00C15CD3 /* Aki.app */ = {isa = PBXFileReference; explicitFileType = wrapper.application; includeInIndex = 0; path = Aki.app; sourceTree = BUILT_PRODUCTS_DIR; };
		726F43AE2D57229C00C15CD3 /* AkiTests.xctest */ = {isa = PBXFileReference; explicitFileType = wrapper.cfbundle; includeInIndex = 0; path = AkiTests.xctest; sourceTree = BUILT_PRODUCTS_DIR; };
		726F43B82D57229C00C15CD3 /* AkiUITests.xctest */ = {isa = PBXFileReference; explicitFileType = wrapper.cfbundle; includeInIndex = 0; path = AkiUITests.xctest; sourceTree = BUILT_PRODUCTS_DIR; };
/* End PBXFileReference section */

/* Begin PBXFileSystemSynchronizedBuildFileExceptionSet section */
		726F43D62D5725C400C15CD3 /* Exceptions for "Aki" folder in "Aki" target */ = {
			isa = PBXFileSystemSynchronizedBuildFileExceptionSet;
			membershipExceptions = (
				Info.plist,
			);
			target = 726F439B2D57229A00C15CD3 /* Aki */;
		};
		728F40F82D58EAD60027FF31 /* Exceptions for "Aki" folder in "AkiUITests" target */ = {
			isa = PBXFileSystemSynchronizedBuildFileExceptionSet;
			membershipExceptions = (
				Info.plist,
			);
			target = 726F43B72D57229C00C15CD3 /* AkiUITests */;
		};
/* End PBXFileSystemSynchronizedBuildFileExceptionSet section */

/* Begin PBXFileSystemSynchronizedRootGroup section */
		726F439E2D57229A00C15CD3 /* Aki */ = {
			isa = PBXFileSystemSynchronizedRootGroup;
			exceptions = (
				726F43D62D5725C400C15CD3 /* Exceptions for "Aki" folder in "Aki" target */,
				728F40F82D58EAD60027FF31 /* Exceptions for "Aki" folder in "AkiUITests" target */,
			);
			path = Aki;
			sourceTree = "<group>";
		};
		726F43B12D57229C00C15CD3 /* AkiTests */ = {
			isa = PBXFileSystemSynchronizedRootGroup;
			path = AkiTests;
			sourceTree = "<group>";
		};
		726F43BB2D57229C00C15CD3 /* AkiUITests */ = {
			isa = PBXFileSystemSynchronizedRootGroup;
			path = AkiUITests;
			sourceTree = "<group>";
		};
/* End PBXFileSystemSynchronizedRootGroup section */

/* Begin PBXFrameworksBuildPhase section */
		726F43992D57229A00C15CD3 /* Frameworks */ = {
			isa = PBXFrameworksBuildPhase;
			buildActionMask = 2147483647;
			files = (
			);
			runOnlyForDeploymentPostprocessing = 0;
		};
		726F43AB2D57229C00C15CD3 /* Frameworks */ = {
			isa = PBXFrameworksBuildPhase;
			buildActionMask = 2147483647;
			files = (
			);
			runOnlyForDeploymentPostprocessing = 0;
		};
		726F43B52D57229C00C15CD3 /* Frameworks */ = {
			isa = PBXFrameworksBuildPhase;
			buildActionMask = 2147483647;
			files = (
			);
			runOnlyForDeploymentPostprocessing = 0;
		};
/* End PBXFrameworksBuildPhase section */

/* Begin PBXGroup section */
		726F43932D57229A00C15CD3 = {
			isa = PBXGroup;
			children = (
				726F439E2D57229A00C15CD3 /* Aki */,
				726F43B12D57229C00C15CD3 /* AkiTests */,
				726F43BB2D57229C00C15CD3 /* AkiUITests */,
				726F439D2D57229A00C15CD3 /* Products */,
			);
			sourceTree = "<group>";
		};
		726F439D2D57229A00C15CD3 /* Products */ = {
			isa = PBXGroup;
			children = (
				726F439C2D57229A00C15CD3 /* Aki.app */,
				726F43AE2D57229C00C15CD3 /* AkiTests.xctest */,
				726F43B82D57229C00C15CD3 /* AkiUITests.xctest */,
			);
			name = Products;
			sourceTree = "<group>";
		};
/* End PBXGroup section */

/* Begin PBXNativeTarget section */
		726F439B2D57229A00C15CD3 /* Aki */ = {
			isa = PBXNativeTarget;
			buildConfigurationList = 726F43C22D57229C00C15CD3 /* Build configuration list for PBXNativeTarget "Aki" */;
			buildPhases = (
				726F43982D57229A00C15CD3 /* Sources */,
				726F43992D57229A00C15CD3 /* Frameworks */,
				726F439A2D57229A00C15CD3 /* Resources */,
			);
			buildRules = (
				728F40F92D58EB880027FF31 /* PBXBuildRule */,
			);
			dependencies = (
			);
			fileSystemSynchronizedGroups = (
				726F439E2D57229A00C15CD3 /* Aki */,
			);
			name = Aki;
			packageProductDependencies = (
			);
			productName = Aki;
			productReference = 726F439C2D57229A00C15CD3 /* Aki.app */;
			productType = "com.apple.product-type.application";
		};
		726F43AD2D57229C00C15CD3 /* AkiTests */ = {
			isa = PBXNativeTarget;
			buildConfigurationList = 726F43C52D57229C00C15CD3 /* Build configuration list for PBXNativeTarget "AkiTests" */;
			buildPhases = (
				726F43AA2D57229C00C15CD3 /* Sources */,
				726F43AB2D57229C00C15CD3 /* Frameworks */,
				726F43AC2D57229C00C15CD3 /* Resources */,
			);
			buildRules = (
			);
			dependencies = (
				726F43B02D57229C00C15CD3 /* PBXTargetDependency */,
			);
			fileSystemSynchronizedGroups = (
				726F43B12D57229C00C15CD3 /* AkiTests */,
			);
			name = AkiTests;
			packageProductDependencies = (
			);
			productName = AkiTests;
			productReference = 726F43AE2D57229C00C15CD3 /* AkiTests.xctest */;
			productType = "com.apple.product-type.bundle.unit-test";
		};
		726F43B72D57229C00C15CD3 /* AkiUITests */ = {
			isa = PBXNativeTarget;
			buildConfigurationList = 726F43C82D57229C00C15CD3 /* Build configuration list for PBXNativeTarget "AkiUITests" */;
			buildPhases = (
				726F43B42D57229C00C15CD3 /* Sources */,
				726F43B52D57229C00C15CD3 /* Frameworks */,
				726F43B62D57229C00C15CD3 /* Resources */,
			);
			buildRules = (
			);
			dependencies = (
				726F43BA2D57229C00C15CD3 /* PBXTargetDependency */,
			);
			fileSystemSynchronizedGroups = (
				726F43BB2D57229C00C15CD3 /* AkiUITests */,
			);
			name = AkiUITests;
			packageProductDependencies = (
			);
			productName = AkiUITests;
			productReference = 726F43B82D57229C00C15CD3 /* AkiUITests.xctest */;
			productType = "com.apple.product-type.bundle.ui-testing";
		};
/* End PBXNativeTarget section */

/* Begin PBXProject section */
		726F43942D57229A00C15CD3 /* Project object */ = {
			isa = PBXProject;
			attributes = {
				BuildIndependentTargetsInParallel = 1;
				LastSwiftUpdateCheck = 1620;
				LastUpgradeCheck = 1620;
				TargetAttributes = {
					726F439B2D57229A00C15CD3 = {
						CreatedOnToolsVersion = 16.2;
					};
					726F43AD2D57229C00C15CD3 = {
						CreatedOnToolsVersion = 16.2;
						TestTargetID = 726F439B2D57229A00C15CD3;
					};
					726F43B72D57229C00C15CD3 = {
						CreatedOnToolsVersion = 16.2;
						TestTargetID = 726F439B2D57229A00C15CD3;
					};
				};
			};
			buildConfigurationList = 726F43972D57229A00C15CD3 /* Build configuration list for PBXProject "Aki" */;
			developmentRegion = en;
			hasScannedForEncodings = 0;
			knownRegions = (
				en,
				Base,
			);
			mainGroup = 726F43932D57229A00C15CD3;
			minimizedProjectReferenceProxies = 1;
			preferredProjectObjectVersion = 77;
			productRefGroup = 726F439D2D57229A00C15CD3 /* Products */;
			projectDirPath = "";
			projectRoot = "";
			targets = (
				726F439B2D57229A00C15CD3 /* Aki */,
				726F43AD2D57229C00C15CD3 /* AkiTests */,
				726F43B72D57229C00C15CD3 /* AkiUITests */,
			);
		};
/* End PBXProject section */

/* Begin PBXResourcesBuildPhase section */
		726F439A2D57229A00C15CD3 /* Resources */ = {
			isa = PBXResourcesBuildPhase;
			buildActionMask = 2147483647;
			files = (
			);
			runOnlyForDeploymentPostprocessing = 0;
		};
		726F43AC2D57229C00C15CD3 /* Resources */ = {
			isa = PBXResourcesBuildPhase;
			buildActionMask = 2147483647;
			files = (
			);
			runOnlyForDeploymentPostprocessing = 0;
		};
		726F43B62D57229C00C15CD3 /* Resources */ = {
			isa = PBXResourcesBuildPhase;
			buildActionMask = 2147483647;
			files = (
			);
			runOnlyForDeploymentPostprocessing = 0;
		};
/* End PBXResourcesBuildPhase section */

/* Begin PBXSourcesBuildPhase section */
		726F43982D57229A00C15CD3 /* Sources */ = {
			isa = PBXSourcesBuildPhase;
			buildActionMask = 2147483647;
			files = (
			);
			runOnlyForDeploymentPostprocessing = 0;
		};
		726F43AA2D57229C00C15CD3 /* Sources */ = {
			isa = PBXSourcesBuildPhase;
			buildActionMask = 2147483647;
			files = (
			);
			runOnlyForDeploymentPostprocessing = 0;
		};
		726F43B42D57229C00C15CD3 /* Sources */ = {
			isa = PBXSourcesBuildPhase;
			buildActionMask = 2147483647;
			files = (
			);
			runOnlyForDeploymentPostprocessing = 0;
		};
/* End PBXSourcesBuildPhase section */

/* Begin PBXTargetDependency section */
		726F43B02D57229C00C15CD3 /* PBXTargetDependency */ = {
			isa = PBXTargetDependency;
			target = 726F439B2D57229A00C15CD3 /* Aki */;
			targetProxy = 726F43AF2D57229C00C15CD3 /* PBXContainerItemProxy */;
		};
		726F43BA2D57229C00C15CD3 /* PBXTargetDependency */ = {
			isa = PBXTargetDependency;
			target = 726F439B2D57229A00C15CD3 /* Aki */;
			targetProxy = 726F43B92D57229C00C15CD3 /* PBXContainerItemProxy */;
		};
/* End PBXTargetDependency section */

/* Begin XCBuildConfiguration section */
		726F43C02D57229C00C15CD3 /* Debug */ = {
			isa = XCBuildConfiguration;
			buildSettings = {
				ALWAYS_SEARCH_USER_PATHS = NO;
				ASSETCATALOG_COMPILER_GENERATE_SWIFT_ASSET_SYMBOL_EXTENSIONS = YES;
				CLANG_ANALYZER_NONNULL = YES;
				CLANG_ANALYZER_NUMBER_OBJECT_CONVERSION = YES_AGGRESSIVE;
				CLANG_CXX_LANGUAGE_STANDARD = "gnu++20";
				CLANG_ENABLE_MODULES = YES;
				CLANG_ENABLE_OBJC_ARC = YES;
				CLANG_ENABLE_OBJC_WEAK = YES;
				CLANG_WARN_BLOCK_CAPTURE_AUTORELEASING = YES;
				CLANG_WARN_BOOL_CONVERSION = YES;
				CLANG_WARN_COMMA = YES;
				CLANG_WARN_CONSTANT_CONVERSION = YES;
				CLANG_WARN_DEPRECATED_OBJC_IMPLEMENTATIONS = YES;
				CLANG_WARN_DIRECT_OBJC_ISA_USAGE = YES_ERROR;
				CLANG_WARN_DOCUMENTATION_COMMENTS = YES;
				CLANG_WARN_EMPTY_BODY = YES;
				CLANG_WARN_ENUM_CONVERSION = YES;
				CLANG_WARN_INFINITE_RECURSION = YES;
				CLANG_WARN_INT_CONVERSION = YES;
				CLANG_WARN_NON_LITERAL_NULL_CONVERSION = YES;
				CLANG_WARN_OBJC_IMPLICIT_RETAIN_SELF = YES;
				CLANG_WARN_OBJC_LITERAL_CONVERSION = YES;
				CLANG_WARN_OBJC_ROOT_CLASS = YES_ERROR;
				CLANG_WARN_QUOTED_INCLUDE_IN_FRAMEWORK_HEADER = YES;
				CLANG_WARN_RANGE_LOOP_ANALYSIS = YES;
				CLANG_WARN_STRICT_PROTOTYPES = YES;
				CLANG_WARN_SUSPICIOUS_MOVE = YES;
				CLANG_WARN_UNGUARDED_AVAILABILITY = YES_AGGRESSIVE;
				CLANG_WARN_UNREACHABLE_CODE = YES;
				CLANG_WARN__DUPLICATE_METHOD_MATCH = YES;
				COPY_PHASE_STRIP = NO;
				DEBUG_INFORMATION_FORMAT = dwarf;
				ENABLE_STRICT_OBJC_MSGSEND = YES;
				ENABLE_TESTABILITY = YES;
				ENABLE_USER_SCRIPT_SANDBOXING = YES;
				GCC_C_LANGUAGE_STANDARD = gnu17;
				GCC_DYNAMIC_NO_PIC = NO;
				GCC_NO_COMMON_BLOCKS = YES;
				GCC_OPTIMIZATION_LEVEL = 0;
				GCC_PREPROCESSOR_DEFINITIONS = (
					"DEBUG=1",
					"$(inherited)",
				);
				GCC_WARN_64_TO_32_BIT_CONVERSION = YES;
				GCC_WARN_ABOUT_RETURN_TYPE = YES_ERROR;
				GCC_WARN_UNDECLARED_SELECTOR = YES;
				GCC_WARN_UNINITIALIZED_AUTOS = YES_AGGRESSIVE;
				GCC_WARN_UNUSED_FUNCTION = YES;
				GCC_WARN_UNUSED_VARIABLE = YES;
				IPHONEOS_DEPLOYMENT_TARGET = 18.2;
				LOCALIZATION_PREFERS_STRING_CATALOGS = YES;
				MTL_ENABLE_DEBUG_INFO = INCLUDE_SOURCE;
				MTL_FAST_MATH = YES;
				ONLY_ACTIVE_ARCH = YES;
				SDKROOT = iphoneos;
				SWIFT_ACTIVE_COMPILATION_CONDITIONS = "DEBUG $(inherited)";
				SWIFT_OPTIMIZATION_LEVEL = "-Onone";
			};
			name = Debug;
		};
		726F43C12D57229C00C15CD3 /* Release */ = {
			isa = XCBuildConfiguration;
			buildSettings = {
				ALWAYS_SEARCH_USER_PATHS = NO;
				ASSETCATALOG_COMPILER_GENERATE_SWIFT_ASSET_SYMBOL_EXTENSIONS = YES;
				CLANG_ANALYZER_NONNULL = YES;
				CLANG_ANALYZER_NUMBER_OBJECT_CONVERSION = YES_AGGRESSIVE;
				CLANG_CXX_LANGUAGE_STANDARD = "gnu++20";
				CLANG_ENABLE_MODULES = YES;
				CLANG_ENABLE_OBJC_ARC = YES;
				CLANG_ENABLE_OBJC_WEAK = YES;
				CLANG_WARN_BLOCK_CAPTURE_AUTORELEASING = YES;
				CLANG_WARN_BOOL_CONVERSION = YES;
				CLANG_WARN_COMMA = YES;
				CLANG_WARN_CONSTANT_CONVERSION = YES;
				CLANG_WARN_DEPRECATED_OBJC_IMPLEMENTATIONS = YES;
				CLANG_WARN_DIRECT_OBJC_ISA_USAGE = YES_ERROR;
				CLANG_WARN_DOCUMENTATION_COMMENTS = YES;
				CLANG_WARN_EMPTY_BODY = YES;
				CLANG_WARN_ENUM_CONVERSION = YES;
				CLANG_WARN_INFINITE_RECURSION = YES;
				CLANG_WARN_INT_CONVERSION = YES;
				CLANG_WARN_NON_LITERAL_NULL_CONVERSION = YES;
				CLANG_WARN_OBJC_IMPLICIT_RETAIN_SELF = YES;
				CLANG_WARN_OBJC_LITERAL_CONVERSION = YES;
				CLANG_WARN_OBJC_ROOT_CLASS = YES_ERROR;
				CLANG_WARN_QUOTED_INCLUDE_IN_FRAMEWORK_HEADER = YES;
				CLANG_WARN_RANGE_LOOP_ANALYSIS = YES;
				CLANG_WARN_STRICT_PROTOTYPES = YES;
				CLANG_WARN_SUSPICIOUS_MOVE = YES;
				CLANG_WARN_UNGUARDED_AVAILABILITY = YES_AGGRESSIVE;
				CLANG_WARN_UNREACHABLE_CODE = YES;
				CLANG_WARN__DUPLICATE_METHOD_MATCH = YES;
				COPY_PHASE_STRIP = NO;
				DEBUG_INFORMATION_FORMAT = "dwarf-with-dsym";
				ENABLE_NS_ASSERTIONS = NO;
				ENABLE_STRICT_OBJC_MSGSEND = YES;
				ENABLE_USER_SCRIPT_SANDBOXING = YES;
				GCC_C_LANGUAGE_STANDARD = gnu17;
				GCC_NO_COMMON_BLOCKS = YES;
				GCC_WARN_64_TO_32_BIT_CONVERSION = YES;
				GCC_WARN_ABOUT_RETURN_TYPE = YES_ERROR;
				GCC_WARN_UNDECLARED_SELECTOR = YES;
				GCC_WARN_UNINITIALIZED_AUTOS = YES_AGGRESSIVE;
				GCC_WARN_UNUSED_FUNCTION = YES;
				GCC_WARN_UNUSED_VARIABLE = YES;
				IPHONEOS_DEPLOYMENT_TARGET = 18.2;
				LOCALIZATION_PREFERS_STRING_CATALOGS = YES;
				MTL_ENABLE_DEBUG_INFO = NO;
				MTL_FAST_MATH = YES;
				SDKROOT = iphoneos;
				SWIFT_COMPILATION_MODE = wholemodule;
				VALIDATE_PRODUCT = YES;
			};
			name = Release;
		};
		726F43C32D57229C00C15CD3 /* Debug */ = {
			isa = XCBuildConfiguration;
			buildSettings = {
				ASSETCATALOG_COMPILER_APPICON_NAME = AppIcon;
				ASSETCATALOG_COMPILER_GLOBAL_ACCENT_COLOR_NAME = AccentColor;
				CODE_SIGN_STYLE = Automatic;
				CURRENT_PROJECT_VERSION = 1;
				DEVELOPMENT_ASSET_PATHS = "\"Aki/Preview Content\"";
				DEVELOPMENT_TEAM = KC8XUUNF9S;
				ENABLE_PREVIEWS = YES;
				GENERATE_INFOPLIST_FILE = YES;
				INFOPLIST_FILE = Aki/Info.plist;
				INFOPLIST_KEY_NSCameraUsageDescription = "Aki needs camera access to capture images for AI image generation";
				INFOPLIST_KEY_UIApplicationSceneManifest_Generation = YES;
				INFOPLIST_KEY_UIApplicationSupportsIndirectInputEvents = YES;
				INFOPLIST_KEY_UILaunchScreen_Generation = YES;
				INFOPLIST_KEY_UISupportedInterfaceOrientations_iPad = "UIInterfaceOrientationPortrait UIInterfaceOrientationPortraitUpsideDown UIInterfaceOrientationLandscapeLeft UIInterfaceOrientationLandscapeRight";
				INFOPLIST_KEY_UISupportedInterfaceOrientations_iPhone = "UIInterfaceOrientationPortrait UIInterfaceOrientationLandscapeLeft UIInterfaceOrientationLandscapeRight";
				LD_RUNPATH_SEARCH_PATHS = (
					"$(inherited)",
					"@executable_path/Frameworks",
				);
				MARKETING_VERSION = 1.0;
				PRODUCT_BUNDLE_IDENTIFIER = com.jckhang.Aki;
				PRODUCT_NAME = "$(TARGET_NAME)";
				STEP_API_KEY = "";
				SWIFT_EMIT_LOC_STRINGS = YES;
				SWIFT_VERSION = 5.0;
				TARGETED_DEVICE_FAMILY = "1,2";
			};
			name = Debug;
		};
		726F43C42D57229C00C15CD3 /* Release */ = {
			isa = XCBuildConfiguration;
			buildSettings = {
				ASSETCATALOG_COMPILER_APPICON_NAME = AppIcon;
				ASSETCATALOG_COMPILER_GLOBAL_ACCENT_COLOR_NAME = AccentColor;
				CODE_SIGN_STYLE = Automatic;
				CURRENT_PROJECT_VERSION = 1;
				DEVELOPMENT_ASSET_PATHS = "\"Aki/Preview Content\"";
				DEVELOPMENT_TEAM = KC8XUUNF9S;
				ENABLE_PREVIEWS = YES;
				GENERATE_INFOPLIST_FILE = YES;
				INFOPLIST_FILE = Aki/Info.plist;
				INFOPLIST_KEY_NSCameraUsageDescription = "Aki needs camera access to capture images for AI image generation";
				INFOPLIST_KEY_UIApplicationSceneManifest_Generation = YES;
				INFOPLIST_KEY_UIApplicationSupportsIndirectInputEvents = YES;
				INFOPLIST_KEY_UILaunchScreen_Generation = YES;
				INFOPLIST_KEY_UISupportedInterfaceOrientations_iPad = "UIInterfaceOrientationPortrait UIInterfaceOrientationPortraitUpsideDown UIInterfaceOrientationLandscapeLeft UIInterfaceOrientationLandscapeRight";
				INFOPLIST_KEY_UISupportedInterfaceOrientations_iPhone = "UIInterfaceOrientationPortrait UIInterfaceOrientationLandscapeLeft UIInterfaceOrientationLandscapeRight";
				LD_RUNPATH_SEARCH_PATHS = (
					"$(inherited)",
					"@executable_path/Frameworks",
				);
				MARKETING_VERSION = 1.0;
				PRODUCT_BUNDLE_IDENTIFIER = com.jckhang.Aki;
				PRODUCT_NAME = "$(TARGET_NAME)";
				STEP_API_KEY = "";
				SWIFT_EMIT_LOC_STRINGS = YES;
				SWIFT_VERSION = 5.0;
				TARGETED_DEVICE_FAMILY = "1,2";
			};
			name = Release;
		};
		726F43C62D57229C00C15CD3 /* Debug */ = {
			isa = XCBuildConfiguration;
			buildSettings = {
				BUNDLE_LOADER = "$(TEST_HOST)";
				"CODE_SIGN_IDENTITY[sdk=macosx*]" = "Apple Development";
				CODE_SIGN_STYLE = Automatic;
				CURRENT_PROJECT_VERSION = 1;
				DEVELOPMENT_TEAM = KC8XUUNF9S;
				GENERATE_INFOPLIST_FILE = YES;
				IPHONEOS_DEPLOYMENT_TARGET = 18.2;
				MARKETING_VERSION = 1.0;
				PRODUCT_BUNDLE_IDENTIFIER = EasonCo.AkiTests;
				PRODUCT_NAME = "$(TARGET_NAME)";
				SWIFT_EMIT_LOC_STRINGS = NO;
				SWIFT_VERSION = 5.0;
				TARGETED_DEVICE_FAMILY = "1,2";
				TEST_HOST = "$(BUILT_PRODUCTS_DIR)/Aki.app/$(BUNDLE_EXECUTABLE_FOLDER_PATH)/Aki";
			};
			name = Debug;
		};
		726F43C72D57229C00C15CD3 /* Release */ = {
			isa = XCBuildConfiguration;
			buildSettings = {
				BUNDLE_LOADER = "$(TEST_HOST)";
				"CODE_SIGN_IDENTITY[sdk=macosx*]" = "Apple Development";
				CODE_SIGN_STYLE = Automatic;
				CURRENT_PROJECT_VERSION = 1;
				DEVELOPMENT_TEAM = KC8XUUNF9S;
				GENERATE_INFOPLIST_FILE = YES;
				IPHONEOS_DEPLOYMENT_TARGET = 18.2;
				MARKETING_VERSION = 1.0;
				PRODUCT_BUNDLE_IDENTIFIER = EasonCo.AkiTests;
				PRODUCT_NAME = "$(TARGET_NAME)";
				SWIFT_EMIT_LOC_STRINGS = NO;
				SWIFT_VERSION = 5.0;
				TARGETED_DEVICE_FAMILY = "1,2";
				TEST_HOST = "$(BUILT_PRODUCTS_DIR)/Aki.app/$(BUNDLE_EXECUTABLE_FOLDER_PATH)/Aki";
			};
			name = Release;
		};
		726F43C92D57229C00C15CD3 /* Debug */ = {
			isa = XCBuildConfiguration;
			buildSettings = {
				CODE_SIGN_STYLE = Automatic;
				CURRENT_PROJECT_VERSION = 1;
				DEVELOPMENT_TEAM = KC8XUUNF9S;
				GENERATE_INFOPLIST_FILE = YES;
				MARKETING_VERSION = 1.0;
				PRODUCT_BUNDLE_IDENTIFIER = EasonCo.AkiUITests;
				PRODUCT_NAME = "$(TARGET_NAME)";
				SWIFT_EMIT_LOC_STRINGS = NO;
				SWIFT_VERSION = 5.0;
				TARGETED_DEVICE_FAMILY = "1,2";
				TEST_TARGET_NAME = Aki;
			};
			name = Debug;
		};
		726F43CA2D57229C00C15CD3 /* Release */ = {
			isa = XCBuildConfiguration;
			buildSettings = {
				CODE_SIGN_STYLE = Automatic;
				CURRENT_PROJECT_VERSION = 1;
				DEVELOPMENT_TEAM = KC8XUUNF9S;
				GENERATE_INFOPLIST_FILE = YES;
				MARKETING_VERSION = 1.0;
				PRODUCT_BUNDLE_IDENTIFIER = EasonCo.AkiUITests;
				PRODUCT_NAME = "$(TARGET_NAME)";
				SWIFT_EMIT_LOC_STRINGS = NO;
				SWIFT_VERSION = 5.0;
				TARGETED_DEVICE_FAMILY = "1,2";
				TEST_TARGET_NAME = Aki;
			};
			name = Release;
		};
/* End XCBuildConfiguration section */

/* Begin XCConfigurationList section */
		726F43972D57229A00C15CD3 /* Build configuration list for PBXProject "Aki" */ = {
			isa = XCConfigurationList;
			buildConfigurations = (
				726F43C02D57229C00C15CD3 /* Debug */,
				726F43C12D57229C00C15CD3 /* Release */,
			);
			defaultConfigurationIsVisible = 0;
			defaultConfigurationName = Release;
		};
		726F43C22D57229C00C15CD3 /* Build configuration list for PBXNativeTarget "Aki" */ = {
			isa = XCConfigurationList;
			buildConfigurations = (
				726F43C32D57229C00C15CD3 /* Debug */,
				726F43C42D57229C00C15CD3 /* Release */,
			);
			defaultConfigurationIsVisible = 0;
			defaultConfigurationName = Release;
		};
		726F43C52D57229C00C15CD3 /* Build configuration list for PBXNativeTarget "AkiTests" */ = {
			isa = XCConfigurationList;
			buildConfigurations = (
				726F43C62D57229C00C15CD3 /* Debug */,
				726F43C72D57229C00C15CD3 /* Release */,
			);
			defaultConfigurationIsVisible = 0;
			defaultConfigurationName = Release;
		};
		726F43C82D57229C00C15CD3 /* Build configuration list for PBXNativeTarget "AkiUITests" */ = {
			isa = XCConfigurationList;
			buildConfigurations = (
				726F43C92D57229C00C15CD3 /* Debug */,
				726F43CA2D57229C00C15CD3 /* Release */,
			);
			defaultConfigurationIsVisible = 0;
			defaultConfigurationName = Release;
		};
/* End XCConfigurationList section */
	};
	rootObject = 726F43942D57229A00C15CD3 /* Project object */;
}
